Microsoft Visual Studio Solution File, Format Version 12.00
# Visual Studio Version 17
VisualStudioVersion = 17.5.2.0
MinimumVisualStudioVersion = 10.0.40219.1
Project("{FAE04EC0-301F-11D3-BF4B-00C04F79EFBC}") = "BusSchedule", "BusSchedule.csproj", "{53D39761-5DB0-BDFB-046F-DCAADD6587B1}"
EndProject
Global
	GlobalSection(SolutionConfigurationPlatforms) = preSolution
		Debug|Any CPU = Debug|Any CPU
		Release|Any CPU = Release|Any CPU
	EndGlobalSection
	GlobalSection(ProjectConfigurationPlatforms) = postSolution
		{53D39761-5DB0-BDFB-046F-DCAADD6587B1}.Debug|Any CPU.ActiveCfg = Debug|Any CPU
		{53D39761-5DB0-BDFB-046F-DCAADD6587B1}.Debug|Any CPU.Build.0 = Debug|Any CPU
		{53D39761-5DB0-BDFB-046F-DCAADD6587B1}.Release|Any CPU.ActiveCfg = Release|Any CPU
		{53D39761-5DB0-BDFB-046F-DCAADD6587B1}.Release|Any CPU.Build.0 = Release|Any CPU
	EndGlobalSection
	GlobalSection(SolutionProperties) = preSolution
		HideSolutionNode = FALSE
	EndGlobalSection
	GlobalSection(ExtensibilityGlobals) = postSolution
		SolutionGuid = {C4293FA0-1CF7-44FC-9E70-B39A1443D46A}
	EndGlobalSection
EndGlobal
